
Microsoft Visual Studio Solution File, Format Version 12.00
# Visual Studio Version 17
VisualStudioVersion = 17.7.34221.43
MinimumVisualStudioVersion = 10.0.40219.1
Project("{888888A0-9F3D-457C-B088-3A5042F75D52}") = "vstest", "vstest\vstest.pyproj", "{A2675021-7C56-4441-B5ED-14616F46A833}"
EndProject
Global
	GlobalSection(SolutionConfigurationPlatforms) = preSolution
		Debug|Any CPU = Debug|Any CPU
		Release|Any CPU = Release|Any CPU
	EndGlobalSection
	GlobalSection(ProjectConfigurationPlatforms) = postSolution
		{A2675021-7C56-4441-B5ED-14616F46A833}.Debug|Any CPU.ActiveCfg = Debug|Any CPU
		{A2675021-7C56-4441-B5ED-14616F46A833}.Debug|Any CPU.Build.0 = Debug|Any CPU
		{A2675021-7C56-4441-B5ED-14616F46A833}.Release|Any CPU.ActiveCfg = Release|Any CPU
		{A2675021-7C56-4441-B5ED-14616F46A833}.Release|Any CPU.Build.0 = Release|Any CPU
	EndGlobalSection
	GlobalSection(SolutionProperties) = preSolution
		HideSolutionNode = FALSE
	EndGlobalSection
	GlobalSection(ExtensibilityGlobals) = postSolution
		SolutionGuid = {58266CB3-8F92-45A1-BC75-9158E2ED9D57}
	EndGlobalSection
EndGlobal
